
Microsoft Visual Studio Solution File, Format Version 12.00
# Visual Studio Version 18
VisualStudioVersion = 18.0.11217.181 d18.0
MinimumVisualStudioVersion = 10.0.40219.1
Project("{9A19103F-16F7-4668-BE54-9A1E7A4F7556}") = "AoC2017", "AoC2017\AoC2017.csproj", "{2A7C7286-FE4F-442A-9390-F3FF4667002E}"
EndProject
Project("{9A19103F-16F7-4668-BE54-9A1E7A4F7556}") = "AoC2024", "AoC2024\AoC2024.csproj", "{C589BF59-F4C6-4629-8CC5-5285EC399613}"
EndProject
Project("{9A19103F-16F7-4668-BE54-9A1E7A4F7556}") = "AoC2019", "AoC2019\AoC2019.csproj", "{27A9270E-3052-45CB-917C-FAEB5456029F}"
EndProject
Project("{2150E333-8FDC-42A3-9474-1A3956D46DE8}") = "Solution Items", "Solution Items", "{AAFC64E4-52D4-48C9-9F1B-8C7664B6E8DC}"
	ProjectSection(SolutionItems) = preProject
		README.md = README.md
	EndProjectSection
EndProject
Project("{9A19103F-16F7-4668-BE54-9A1E7A4F7556}") = "AoC2021", "AoC2021\AoC2021.csproj", "{AC761074-5C80-4AEB-B3A8-499E8C6A2B20}"
EndProject
Project("{FAE04EC0-301F-11D3-BF4B-00C04F79EFBC}") = "AoC2015", "AoC2015\AoC2015.csproj", "{B016BC61-BB16-40D0-AE0F-F147010295CB}"
EndProject
Project("{FAE04EC0-301F-11D3-BF4B-00C04F79EFBC}") = "AoC2016", "AoC2016\AoC2016.csproj", "{568D8C4E-D143-4086-A49C-EB8D25D102C7}"
EndProject
Project("{FAE04EC0-301F-11D3-BF4B-00C04F79EFBC}") = "AoC2018", "AoC2018\AoC2018.csproj", "{55F136FB-2433-400B-89B3-541A9C6787A5}"
EndProject
Project("{FAE04EC0-301F-11D3-BF4B-00C04F79EFBC}") = "AoC2020", "AoC2020\AoC2020.csproj", "{8A2F2122-D9AD-4D00-B86F-44179F287039}"
EndProject
Project("{FAE04EC0-301F-11D3-BF4B-00C04F79EFBC}") = "AoC2022", "AoC2022\AoC2022.csproj", "{7CF38A52-B47E-45DD-9A92-737AAF94B5DA}"
EndProject
Project("{FAE04EC0-301F-11D3-BF4B-00C04F79EFBC}") = "AoC2023", "AoC2023\AoC2023.csproj", "{63367AB7-4BA2-42CF-81BD-CC42D96679BC}"
EndProject
Project("{FAE04EC0-301F-11D3-BF4B-00C04F79EFBC}") = "AoC2025", "AoC2025\AoC2025.csproj", "{5EE635A0-FBD4-44F6-8DB8-BD3314BAF2E9}"
EndProject
Global
	GlobalSection(SolutionConfigurationPlatforms) = preSolution
		Debug|Any CPU = Debug|Any CPU
		Release|Any CPU = Release|Any CPU
	EndGlobalSection
	GlobalSection(ProjectConfigurationPlatforms) = postSolution
		{2A7C7286-FE4F-442A-9390-F3FF4667002E}.Debug|Any CPU.ActiveCfg = Debug|Any CPU
		{2A7C7286-FE4F-442A-9390-F3FF4667002E}.Debug|Any CPU.Build.0 = Debug|Any CPU
		{2A7C7286-FE4F-442A-9390-F3FF4667002E}.Release|Any CPU.ActiveCfg = Release|Any CPU
		{2A7C7286-FE4F-442A-9390-F3FF4667002E}.Release|Any CPU.Build.0 = Release|Any CPU
		{C589BF59-F4C6-4629-8CC5-5285EC399613}.Debug|Any CPU.ActiveCfg = Debug|Any CPU
		{C589BF59-F4C6-4629-8CC5-5285EC399613}.Debug|Any CPU.Build.0 = Debug|Any CPU
		{C589BF59-F4C6-4629-8CC5-5285EC399613}.Release|Any CPU.ActiveCfg = Release|Any CPU
		{C589BF59-F4C6-4629-8CC5-5285EC399613}.Release|Any CPU.Build.0 = Release|Any CPU
		{27A9270E-3052-45CB-917C-FAEB5456029F}.Debug|Any CPU.ActiveCfg = Debug|Any CPU
		{27A9270E-3052-45CB-917C-FAEB5456029F}.Debug|Any CPU.Build.0 = Debug|Any CPU
		{27A9270E-3052-45CB-917C-FAEB5456029F}.Release|Any CPU.ActiveCfg = Release|Any CPU
		{27A9270E-3052-45CB-917C-FAEB5456029F}.Release|Any CPU.Build.0 = Release|Any CPU
		{AC761074-5C80-4AEB-B3A8-499E8C6A2B20}.Debug|Any CPU.ActiveCfg = Debug|Any CPU
		{AC761074-5C80-4AEB-B3A8-499E8C6A2B20}.Debug|Any CPU.Build.0 = Debug|Any CPU
		{AC761074-5C80-4AEB-B3A8-499E8C6A2B20}.Release|Any CPU.ActiveCfg = Release|Any CPU
		{AC761074-5C80-4AEB-B3A8-499E8C6A2B20}.Release|Any CPU.Build.0 = Release|Any CPU
		{B016BC61-BB16-40D0-AE0F-F147010295CB}.Debug|Any CPU.ActiveCfg = Debug|Any CPU
		{B016BC61-BB16-40D0-AE0F-F147010295CB}.Debug|Any CPU.Build.0 = Debug|Any CPU
		{B016BC61-BB16-40D0-AE0F-F147010295CB}.Release|Any CPU.ActiveCfg = Release|Any CPU
		{B016BC61-BB16-40D0-AE0F-F147010295CB}.Release|Any CPU.Build.0 = Release|Any CPU
		{568D8C4E-D143-4086-A49C-EB8D25D102C7}.Debug|Any CPU.ActiveCfg = Debug|Any CPU
		{568D8C4E-D143-4086-A49C-EB8D25D102C7}.Debug|Any CPU.Build.0 = Debug|Any CPU
		{568D8C4E-D143-4086-A49C-EB8D25D102C7}.Release|Any CPU.ActiveCfg = Release|Any CPU
		{568D8C4E-D143-4086-A49C-EB8D25D102C7}.Release|Any CPU.Build.0 = Release|Any CPU
		{55F136FB-2433-400B-89B3-541A9C6787A5}.Debug|Any CPU.ActiveCfg = Debug|Any CPU
		{55F136FB-2433-400B-89B3-541A9C6787A5}.Debug|Any CPU.Build.0 = Debug|Any CPU
		{55F136FB-2433-400B-89B3-541A9C6787A5}.Release|Any CPU.ActiveCfg = Release|Any CPU
		{55F136FB-2433-400B-89B3-541A9C6787A5}.Release|Any CPU.Build.0 = Release|Any CPU
		{8A2F2122-D9AD-4D00-B86F-44179F287039}.Debug|Any CPU.ActiveCfg = Debug|Any CPU
		{8A2F2122-D9AD-4D00-B86F-44179F287039}.Debug|Any CPU.Build.0 = Debug|Any CPU
		{8A2F2122-D9AD-4D00-B86F-44179F287039}.Release|Any CPU.ActiveCfg = Release|Any CPU
		{8A2F2122-D9AD-4D00-B86F-44179F287039}.Release|Any CPU.Build.0 = Release|Any CPU
		{7CF38A52-B47E-45DD-9A92-737AAF94B5DA}.Debug|Any CPU.ActiveCfg = Debug|Any CPU
		{7CF38A52-B47E-45DD-9A92-737AAF94B5DA}.Debug|Any CPU.Build.0 = Debug|Any CPU
		{7CF38A52-B47E-45DD-9A92-737AAF94B5DA}.Release|Any CPU.ActiveCfg = Release|Any CPU
		{7CF38A52-B47E-45DD-9A92-737AAF94B5DA}.Release|Any CPU.Build.0 = Release|Any CPU
		{63367AB7-4BA2-42CF-81BD-CC42D96679BC}.Debug|Any CPU.ActiveCfg = Debug|Any CPU
		{63367AB7-4BA2-42CF-81BD-CC42D96679BC}.Debug|Any CPU.Build.0 = Debug|Any CPU
		{63367AB7-4BA2-42CF-81BD-CC42D96679BC}.Release|Any CPU.ActiveCfg = Release|Any CPU
		{63367AB7-4BA2-42CF-81BD-CC42D96679BC}.Release|Any CPU.Build.0 = Release|Any CPU
		{5EE635A0-FBD4-44F6-8DB8-BD3314BAF2E9}.Debug|Any CPU.ActiveCfg = Debug|Any CPU
		{5EE635A0-FBD4-44F6-8DB8-BD3314BAF2E9}.Debug|Any CPU.Build.0 = Debug|Any CPU
		{5EE635A0-FBD4-44F6-8DB8-BD3314BAF2E9}.Release|Any CPU.ActiveCfg = Release|Any CPU
		{5EE635A0-FBD4-44F6-8DB8-BD3314BAF2E9}.Release|Any CPU.Build.0 = Release|Any CPU
	EndGlobalSection
	GlobalSection(SolutionProperties) = preSolution
		HideSolutionNode = FALSE
	EndGlobalSection
	GlobalSection(ExtensibilityGlobals) = postSolution
		SolutionGuid = {E468E957-E0F8-46E2-B245-1551707D18AB}
	EndGlobalSection
EndGlobal
